<Solution>
  <!-- Pin the solution to x64 only: TCM is x64-only and the AL libraries support x64 (they keep AnyCPU as well for
       standalone `dotnet build <csproj>`). Without this block VS auto-derives an "Any CPU" platform from the AL
       libraries that x64-only TCM can't map to. -->
  <Configurations>
    <BuildType Name="Debug" />
    <BuildType Name="Release" />
    <Platform Name="x64" />
  </Configurations>
  <Project Path="../Library/Astronomy.Catalog/Astronomy.Catalog.csproj" />
  <Project Path="../Library/Astronomy.XISF/Astronomy.XISF.csproj" />
  <Project Path="TargetCatalogManager.csproj" />
</Solution>
